{
  "name": "ast-grep-lang-dockerfile",
  "version": "0.0.3",
  "lockfileVersion": 3,
  "requires": true,
  "packages": {
    "": {
      "name": "ast-grep-lang-dockerfile",
      "version": "0.0.3",
      "hasInstallScript": true,
      "license": "Apache-2.0",
      "dependencies": {
        "@ast-grep/setup-lang": "0.0.6"
      },
      "devDependencies": {
        "@ast-grep/cli": "^0.40.5",
        "@ast-grep/nursery": "0.0.9",
        "tree-sitter-cli": "0.26.5",
        "tree-sitter-dockerfile": "github:camdencheek/tree-sitter-dockerfile"
      },
      "peerDependencies": {
        "tree-sitter-cli": "0.26.5"
      },
      "peerDependenciesMeta": {
        "tree-sitter-cli": {
          "optional": true
        }
      }
    },
    "node_modules/@ast-grep/cli": {
      "version": "0.40.5",
      "resolved": "https://registry.npmjs.org/@ast-grep/cli/-/cli-0.40.5.tgz",
      "integrity": "sha512-yVXL7Gz0WIHerQLf+MVaVSkhIhidtWReG5akNVr/JS9OVCVkSdz7gWm7H8jVv2M9OO1tauuG76K3UaRGBPu5lQ==",
      "dev": true,
      "hasInstallScript": true,
      "dependencies": {
        "detect-libc": "2.1.2"
      },
      "bin": {
        "ast-grep": "ast-grep",
        "sg": "sg"
      },
      "engines": {
        "node": ">= 12.0.0"
      },
      "optionalDependencies": {
        "@ast-grep/cli-darwin-arm64": "0.40.5",
        "@ast-grep/cli-darwin-x64": "0.40.5",
        "@ast-grep/cli-linux-arm64-gnu": "0.40.5",
        "@ast-grep/cli-linux-x64-gnu": "0.40.5",
        "@ast-grep/cli-win32-arm64-msvc": "0.40.5",
        "@ast-grep/cli-win32-ia32-msvc": "0.40.5",
        "@ast-grep/cli-win32-x64-msvc": "0.40.5"
      }
    },
    "node_modules/@ast-grep/cli-darwin-arm64": {
      "version": "0.40.5",
      "resolved": "https://registry.npmjs.org/@ast-grep/cli-darwin-arm64/-/cli-darwin-arm64-0.40.5.tgz",
      "integrity": "sha512-T9CzwJ1GqQhnANdsu6c7iT1akpvTVMK+AZrxnhIPv33Ze5hrXUUkqan+j4wUAukRJDqU7u94EhXLSLD+5tcJ8g==",
      "cpu": [
        "arm64"
      ],
      "dev": true,
      "license": "MIT",
      "optional": true,
      "os": [
        "darwin"
      ],
      "engines": {
        "node": ">= 10"
      }
    },
    "node_modules/@ast-grep/cli-darwin-x64": {
      "version": "0.40.5",
      "resolved": "https://registry.npmjs.org/@ast-grep/cli-darwin-x64/-/cli-darwin-x64-0.40.5.tgz",
      "integrity": "sha512-ez9b2zKvXU8f4ghhjlqYvbx6tWCKJTuVlNVqDDfjqwwhGeiTYfnzMlSVat4ElYRMd21gLtXZIMy055v2f21Ztg==",
      "cpu": [
        "x64"
      ],
      "dev": true,
      "license": "MIT",
      "optional": true,
      "os": [
        "darwin"
      ],
      "engines": {
        "node": ">= 10"
      }
    },
    "node_modules/@ast-grep/cli-linux-arm64-gnu": {
      "version": "0.40.5",
      "resolved": "https://registry.npmjs.org/@ast-grep/cli-linux-arm64-gnu/-/cli-linux-arm64-gnu-0.40.5.tgz",
      "integrity": "sha512-VXa2L1IEYD66AMb0GuG7VlMMbPmEGoJUySWDcwSZo/D9neiry3MJ41LQR5oTG2HyhIPBsf9umrXnmuRq66BviA==",
      "cpu": [
        "arm64"
      ],
      "dev": true,
      "license": "MIT",
      "optional": true,
      "os": [
        "linux"
      ],
      "engines": {
        "node": ">= 10"
      }
    },
    "node_modules/@ast-grep/cli-linux-x64-gnu": {
      "version": "0.40.5",
      "resolved": "https://registry.npmjs.org/@ast-grep/cli-linux-x64-gnu/-/cli-linux-x64-gnu-0.40.5.tgz",
      "integrity": "sha512-GQC5162eIOWXR2eQQ6Knzg7/8Trp5E1ODJkaErf0IubdQrZBGqj5AAcQPcWgPbbnmktjIp0H4NraPpOJ9eJ22A==",
      "cpu": [
        "x64"
      ],
      "dev": true,
      "license": "MIT",
      "optional": true,
      "os": [
        "linux"
      ],
      "engines": {
        "node": ">= 10"
      }
    },
    "node_modules/@ast-grep/cli-win32-arm64-msvc": {
      "version": "0.40.5",
      "resolved": "https://registry.npmjs.org/@ast-grep/cli-win32-arm64-msvc/-/cli-win32-arm64-msvc-0.40.5.tgz",
      "integrity": "sha512-YiZdnQZsSlXQTMsZJop/Ux9MmUGfuRvC2x/UbFgrt5OBSYxND+yoiMc0WcA3WG+wU+tt4ZkB5HUea3r/IkOLYA==",
      "cpu": [
        "arm64"
      ],
      "dev": true,
      "license": "MIT",
      "optional": true,
      "os": [
        "win32"
      ],
      "engines": {
        "node": ">= 10"
      }
    },
    "node_modules/@ast-grep/cli-win32-ia32-msvc": {
      "version": "0.40.5",
      "resolved": "https://registry.npmjs.org/@ast-grep/cli-win32-ia32-msvc/-/cli-win32-ia32-msvc-0.40.5.tgz",
      "integrity": "sha512-MHkCxCITVTr8sY9CcVqNKbfUzMa3Hc6IilGXad0Clnw2vNmPfWqSky+hU/UTerr5YHWwWfAVURH7ANZgirtx0Q==",
      "cpu": [
        "ia32"
      ],
      "dev": true,
      "license": "MIT",
      "optional": true,
      "os": [
        "win32"
      ],
      "engines": {
        "node": ">= 10"
      }
    },
    "node_modules/@ast-grep/cli-win32-x64-msvc": {
      "version": "0.40.5",
      "resolved": "https://registry.npmjs.org/@ast-grep/cli-win32-x64-msvc/-/cli-win32-x64-msvc-0.40.5.tgz",
      "integrity": "sha512-/MJ5un7yxlClaaxou9eYl+Kr2xr/yTtYtTq5aLBWjPWA6dmmJ1nAJgx5zKHVuplFXFBrFDQk3paEgAETMTGcrA==",
      "cpu": [
        "x64"
      ],
      "dev": true,
      "license": "MIT",
      "optional": true,
      "os": [
        "win32"
      ],
      "engines": {
        "node": ">= 10"
      }
    },
    "node_modules/@ast-grep/napi": {
      "version": "0.40.5",
      "resolved": "https://registry.npmjs.org/@ast-grep/napi/-/napi-0.40.5.tgz",
      "integrity": "sha512-hJA62OeBKUQT68DD2gDyhOqJxZxycqg8wLxbqjgqSzYttCMSDL9tiAQ9abgekBYNHudbJosm9sWOEbmCDfpX2A==",
      "dev": true,
      "license": "MIT",
      "engines": {
        "node": ">= 10"
      },
      "optionalDependencies": {
        "@ast-grep/napi-darwin-arm64": "0.40.5",
        "@ast-grep/napi-darwin-x64": "0.40.5",
        "@ast-grep/napi-linux-arm64-gnu": "0.40.5",
        "@ast-grep/napi-linux-arm64-musl": "0.40.5",
        "@ast-grep/napi-linux-x64-gnu": "0.40.5",
        "@ast-grep/napi-linux-x64-musl": "0.40.5",
        "@ast-grep/napi-win32-arm64-msvc": "0.40.5",
        "@ast-grep/napi-win32-ia32-msvc": "0.40.5",
        "@ast-grep/napi-win32-x64-msvc": "0.40.5"
      }
    },
    "node_modules/@ast-grep/napi-darwin-arm64": {
      "version": "0.40.5",
      "resolved": "https://registry.npmjs.org/@ast-grep/napi-darwin-arm64/-/napi-darwin-arm64-0.40.5.tgz",
      "integrity": "sha512-2F072fGN0WTq7KI3okuEnkGJVEHLbi56Bw1H6NAMf7j2mJJeQWsRyGOMcyNnUXZDeNdvoMH0OB2a5wwUegY/nQ==",
      "cpu": [
        "arm64"
      ],
      "dev": true,
      "license": "MIT",
      "optional": true,
      "os": [
        "darwin"
      ],
      "engines": {
        "node": ">= 10"
      }
    },
    "node_modules/@ast-grep/napi-darwin-x64": {
      "version": "0.40.5",
      "resolved": "https://registry.npmjs.org/@ast-grep/napi-darwin-x64/-/napi-darwin-x64-0.40.5.tgz",
      "integrity": "sha512-dJMidHZhhxuLBYNi6/FKI812jQ7wcFPSKkVPwviez2D+KvYagapUMAV/4dJ7FCORfguVk8Y0jpPAlYmWRT5nvA==",
      "cpu": [
        "x64"
      ],
      "dev": true,
      "license": "MIT",
      "optional": true,
      "os": [
        "darwin"
      ],
      "engines": {
        "node": ">= 10"
      }
    },
    "node_modules/@ast-grep/napi-linux-arm64-gnu": {
      "version": "0.40.5",
      "resolved": "https://registry.npmjs.org/@ast-grep/napi-linux-arm64-gnu/-/napi-linux-arm64-gnu-0.40.5.tgz",
      "integrity": "sha512-nBRCbyoS87uqkaw4Oyfe5VO+SRm2B+0g0T8ME69Qry9ShMf41a2bTdpcQx9e8scZPogq+CTwDHo3THyBV71l9w==",
      "cpu": [
        "arm64"
      ],
      "dev": true,
      "license": "MIT",
      "optional": true,
      "os": [
        "linux"
      ],
      "engines": {
        "node": ">= 10"
      }
    },
    "node_modules/@ast-grep/napi-linux-arm64-musl": {
      "version": "0.40.5",
      "resolved": "https://registry.npmjs.org/@ast-grep/napi-linux-arm64-musl/-/napi-linux-arm64-musl-0.40.5.tgz",
      "integrity": "sha512-/qKsmds5FMoaEj6FdNzepbmLMtlFuBLdrAn9GIWCqOIcVcYvM1Nka8+mncfeXB/MFZKOrzQsQdPTWqrrQzXLrA==",
      "cpu": [
        "arm64"
      ],
      "dev": true,
      "license": "MIT",
      "optional": true,
      "os": [
        "linux"
      ],
      "engines": {
        "node": ">= 10"
      }
    },
    "node_modules/@ast-grep/napi-linux-x64-gnu": {
      "version": "0.40.5",
      "resolved": "https://registry.npmjs.org/@ast-grep/napi-linux-x64-gnu/-/napi-linux-x64-gnu-0.40.5.tgz",
      "integrity": "sha512-DP4oDbq7f/1A2hRTFLhJfDFR6aI5mRWdEfKfHzRItmlKsR9WlcEl1qDJs/zX9R2EEtIDsSKRzuJNfJllY3/W8Q==",
      "cpu": [
        "x64"
      ],
      "dev": true,
      "license": "MIT",
      "optional": true,
      "os": [
        "linux"
      ],
      "engines": {
        "node": ">= 10"
      }
    },
    "node_modules/@ast-grep/napi-linux-x64-musl": {
      "version": "0.40.5",
      "resolved": "https://registry.npmjs.org/@ast-grep/napi-linux-x64-musl/-/napi-linux-x64-musl-0.40.5.tgz",
      "integrity": "sha512-BRZUvVBPUNpWPo6Ns8chXVzxHPY+k9gpsubGTHy92Q26ecZULd/dTkWWdnvfhRqttsSQ9Pe/XQdi5+hDQ6RYcg==",
      "cpu": [
        "x64"
      ],
      "dev": true,
      "license": "MIT",
      "optional": true,
      "os": [
        "linux"
      ],
      "engines": {
        "node": ">= 10"
      }
    },
    "node_modules/@ast-grep/napi-win32-arm64-msvc": {
      "version": "0.40.5",
      "resolved": "https://registry.npmjs.org/@ast-grep/napi-win32-arm64-msvc/-/napi-win32-arm64-msvc-0.40.5.tgz",
      "integrity": "sha512-y95zSEwc7vhxmcrcH0GnK4ZHEBQrmrszRBNQovzaciF9GUqEcCACNLoBesn4V47IaOp4fYgD2/EhGRTIBFb2Ug==",
      "cpu": [
        "arm64"
      ],
      "dev": true,
      "license": "MIT",
      "optional": true,
      "os": [
        "win32"
      ],
      "engines": {
        "node": ">= 10"
      }
    },
    "node_modules/@ast-grep/napi-win32-ia32-msvc": {
      "version": "0.40.5",
      "resolved": "https://registry.npmjs.org/@ast-grep/napi-win32-ia32-msvc/-/napi-win32-ia32-msvc-0.40.5.tgz",
      "integrity": "sha512-K/u8De62iUnFCzVUs7FBdTZ2Jrgc5/DLHqjpup66KxZ7GIM9/HGME/O8aSoPkpcAeCD4TiTZ11C1i5p5H98hTg==",
      "cpu": [
        "ia32"
      ],
      "dev": true,
      "license": "MIT",
      "optional": true,
      "os": [
        "win32"
      ],
      "engines": {
        "node": ">= 10"
      }
    },
    "node_modules/@ast-grep/napi-win32-x64-msvc": {
      "version": "0.40.5",
      "resolved": "https://registry.npmjs.org/@ast-grep/napi-win32-x64-msvc/-/napi-win32-x64-msvc-0.40.5.tgz",
      "integrity": "sha512-dqm5zg/o4Nh4VOQPEpMS23ot8HVd22gG0eg01t4CFcZeuzyuSgBlOL3N7xLbz3iH2sVkk7keuBwAzOIpTqziNQ==",
      "cpu": [
        "x64"
      ],
      "dev": true,
      "license": "MIT",
      "optional": true,
      "os": [
        "win32"
      ],
      "engines": {
        "node": ">= 10"
      }
    },
    "node_modules/@ast-grep/nursery": {
      "version": "0.0.9",
      "resolved": "https://registry.npmjs.org/@ast-grep/nursery/-/nursery-0.0.9.tgz",
      "integrity": "sha512-a2jsZs27TikOg35gRIfmSDzcEZLuki3pVhwmndSY7tfkn2AZFk46yoZoEfclbUSA3TN91xvivDBuJmF32/IJcw==",
      "dev": true,
      "license": "ISC",
      "dependencies": {
        "@ast-grep/napi": "0.40.5"
      }
    },
    "node_modules/@ast-grep/setup-lang": {
      "version": "0.0.6",
      "resolved": "https://registry.npmjs.org/@ast-grep/setup-lang/-/setup-lang-0.0.6.tgz",
      "integrity": "sha512-aSYZNF5nGQMxnwiA3Lcc8zi0AtpGlug47ADgqCgP/2n7p922FbnW7vo1rbW4kKjW72B/3mDdN7uvYidv8JnPnw==",
      "license": "ISC"
    },
    "node_modules/detect-libc": {
      "version": "2.1.2",
      "resolved": "https://registry.npmjs.org/detect-libc/-/detect-libc-2.1.2.tgz",
      "integrity": "sha512-Btj2BOOO83o3WyH59e8MgXsxEQVcarkUOpEYrubB0urwnN10yQ364rsiByU11nZlqWYZm05i/of7io4mzihBtQ==",
      "dev": true,
      "license": "Apache-2.0",
      "engines": {
        "node": ">=8"
      }
    },
    "node_modules/node-addon-api": {
      "version": "8.5.0",
      "resolved": "https://registry.npmjs.org/node-addon-api/-/node-addon-api-8.5.0.tgz",
      "integrity": "sha512-/bRZty2mXUIFY/xU5HLvveNHlswNJej+RnxBjOMkidWfwZzgTbPG1E3K5TOxRLOR+5hX7bSofy8yf1hZevMS8A==",
      "dev": true,
      "license": "MIT",
      "peer": true,
      "engines": {
        "node": "^18 || ^20 || >= 21"
      }
    },
    "node_modules/node-gyp-build": {
      "version": "4.8.4",
      "resolved": "https://registry.npmjs.org/node-gyp-build/-/node-gyp-build-4.8.4.tgz",
      "integrity": "sha512-LA4ZjwlnUblHVgq0oBF3Jl/6h/Nvs5fzBLwdEF4nuxnFdsfajde4WfxtJr3CaiH+F6ewcIB/q4jQ4UzPyid+CQ==",
      "dev": true,
      "license": "MIT",
      "bin": {
        "node-gyp-build": "bin.js",
        "node-gyp-build-optional": "optional.js",
        "node-gyp-build-test": "build-test.js"
      }
    },
    "node_modules/tree-sitter": {
      "version": "0.21.1",
      "resolved": "https://registry.npmjs.org/tree-sitter/-/tree-sitter-0.21.1.tgz",
      "integrity": "sha512-7dxoA6kYvtgWw80265MyqJlkRl4yawIjO7S5MigytjELkX43fV2WsAXzsNfO7sBpPPCF5Gp0+XzHk0DwLCq3xQ==",
      "dev": true,
      "hasInstallScript": true,
      "license": "MIT",
      "peer": true,
      "dependencies": {
        "node-addon-api": "^8.0.0",
        "node-gyp-build": "^4.8.0"
      }
    },
    "node_modules/tree-sitter-cli": {
      "version": "0.26.5",
      "resolved": "https://registry.npmjs.org/tree-sitter-cli/-/tree-sitter-cli-0.26.5.tgz",
      "integrity": "sha512-joGY67M2XUVM+ZEs7vTYmSbiDgxtwbuMf1OdKk8q1Dd6wTlbhgtU/mr3j0krBgQs2Zwom6N7vxZaqoM85b79Mw==",
      "dev": true,
      "hasInstallScript": true,
      "license": "MIT",
      "bin": {
        "tree-sitter": "cli.js"
      },
      "engines": {
        "node": ">=12.0.0"
      }
    },
    "node_modules/tree-sitter-dockerfile": {
      "version": "0.2.0",
      "resolved": "git+ssh://git@github.com/camdencheek/tree-sitter-dockerfile.git#971acdd908568b4531b0ba28a445bf0bb720aba5",
      "dev": true,
      "hasInstallScript": true,
      "license": "ISC",
      "dependencies": {
        "node-addon-api": "^7.1.0",
        "node-gyp-build": "^4.8.0"
      },
      "peerDependencies": {
        "tree-sitter": "^0.21.0"
      },
      "peerDependenciesMeta": {
        "tree_sitter": {
          "optional": true
        }
      }
    },
    "node_modules/tree-sitter-dockerfile/node_modules/node-addon-api": {
      "version": "7.1.1",
      "resolved": "https://registry.npmjs.org/node-addon-api/-/node-addon-api-7.1.1.tgz",
      "integrity": "sha512-5m3bsyrjFWE1xf7nz7YXdN4udnVtXK6/Yfgn5qnahL6bCkf2yKt4k3nuTKAtT4r3IG8JNR2ncsIMdZuAzJjHQQ==",
      "dev": true,
      "license": "MIT"
    }
  }
}
